
Microsoft Visual Studio Solution File, Format Version 12.00
# Visual Studio Version 17
VisualStudioVersion = 17.12.35527.113 d17.12
MinimumVisualStudioVersion = 10.0.40219.1
Project("{FAE04EC0-301F-11D3-BF4B-00C04F79EFBC}") = "Demo OOP session2", "Demo OOP session2\Demo OOP session2.csproj", "{DB9B2AE9-6551-4B9F-9B8F-8BDA3AF85F96}"
EndProject
Global
	GlobalSection(SolutionConfigurationPlatforms) = preSolution
		Debug|Any CPU = Debug|Any CPU
		Release|Any CPU = Release|Any CPU
	EndGlobalSection
	GlobalSection(ProjectConfigurationPlatforms) = postSolution
		{DB9B2AE9-6551-4B9F-9B8F-8BDA3AF85F96}.Debug|Any CPU.ActiveCfg = Debug|Any CPU
		{DB9B2AE9-6551-4B9F-9B8F-8BDA3AF85F96}.Debug|Any CPU.Build.0 = Debug|Any CPU
		{DB9B2AE9-6551-4B9F-9B8F-8BDA3AF85F96}.Release|Any CPU.ActiveCfg = Release|Any CPU
		{DB9B2AE9-6551-4B9F-9B8F-8BDA3AF85F96}.Release|Any CPU.Build.0 = Release|Any CPU
	EndGlobalSection
	GlobalSection(SolutionProperties) = preSolution
		HideSolutionNode = FALSE
	EndGlobalSection
EndGlobal
